
Microsoft Visual Studio Solution File, Format Version 12.00
# Visual Studio 15
VisualStudioVersion = 15.0.27703.2042
MinimumVisualStudioVersion = 10.0.40219.1
Project("{FAE04EC0-301F-11D3-BF4B-00C04F79EFBC}") = "IoTHub.DeviceKeys.ConsoleUI", "IoTHub.DeviceKeys.ConsoleUI\IoTHub.DeviceKeys.ConsoleUI.csproj", "{97E42290-DC58-4FE2-9D34-82D3C1C04E90}"
EndProject
Project("{FAE04EC0-301F-11D3-BF4B-00C04F79EFBC}") = "IoTHub.DeviceKeys.Business", "IoTHub.DeviceKeys.Business\IoTHub.DeviceKeys.Business.csproj", "{D52CBD34-7522-429F-B721-2870D76270D3}"
EndProject
Global
	GlobalSection(SolutionConfigurationPlatforms) = preSolution
		Debug|Any CPU = Debug|Any CPU
		Release|Any CPU = Release|Any CPU
	EndGlobalSection
	GlobalSection(ProjectConfigurationPlatforms) = postSolution
		{97E42290-DC58-4FE2-9D34-82D3C1C04E90}.Debug|Any CPU.ActiveCfg = Debug|Any CPU
		{97E42290-DC58-4FE2-9D34-82D3C1C04E90}.Debug|Any CPU.Build.0 = Debug|Any CPU
		{97E42290-DC58-4FE2-9D34-82D3C1C04E90}.Release|Any CPU.ActiveCfg = Release|Any CPU
		{97E42290-DC58-4FE2-9D34-82D3C1C04E90}.Release|Any CPU.Build.0 = Release|Any CPU
		{D52CBD34-7522-429F-B721-2870D76270D3}.Debug|Any CPU.ActiveCfg = Debug|Any CPU
		{D52CBD34-7522-429F-B721-2870D76270D3}.Debug|Any CPU.Build.0 = Debug|Any CPU
		{D52CBD34-7522-429F-B721-2870D76270D3}.Release|Any CPU.ActiveCfg = Release|Any CPU
		{D52CBD34-7522-429F-B721-2870D76270D3}.Release|Any CPU.Build.0 = Release|Any CPU
	EndGlobalSection
	GlobalSection(SolutionProperties) = preSolution
		HideSolutionNode = FALSE
	EndGlobalSection
	GlobalSection(ExtensibilityGlobals) = postSolution
		SolutionGuid = {F7B488E6-C657-4CC5-9DCE-E7976F4ADAB2}
	EndGlobalSection
EndGlobal
